{
    "_meta": {
        "hash": {
            "sha256": "fd8f693924840510d59d986b86221907eff6a3bb0cdd5fdab84f0351c6d58d00"
        },
        "pipfile-spec": 6,
        "requires": {
            "python_version": "3.10"
        },
        "sources": [
            {
                "name": "pypi",
                "url": "https://pypi.org/simple",
                "verify_ssl": true
            }
        ]
    },
    "default": {
        "faker": {
            "hashes": [
                "sha256:51f37ff9df710159d6d736d0ba1c75e063430a8c806b91334d7794305b5a6114",
                "sha256:5aaa16fa9cfde7d117eef70b6b293a705021e57158f3fa6b44ed1b70202d2065"
            ],
            "markers": "python_version >= '3.7'",
            "version": "==17.6.0"
        },
        "faker-datasets": {
            "hashes": [
                "sha256:4c44976ebfd0ef24f2c7191161efe72146672309f40938209f4c185cbd845cde",
                "sha256:d1f557e3d9da618cc7d5b0fc5240acd73fb051c15c845219abdda00a431f4acd"
            ],
            "index": "pypi",
            "version": "==0.1.0"
        },
        "python-dateutil": {
            "hashes": [
                "sha256:0123cacc1627ae19ddf3c27a5de5bd67ee4586fbdd6440d9748f8abb483d3e86",
                "sha256:961d03dc3453ebbc59dbdea9e4e11c5651520a876d0f4db161e8674aae935da9"
            ],
            "markers": "python_version >= '2.7' and python_version not in '3.0, 3.1, 3.2'",
            "version": "==2.8.2"
        },
        "six": {
            "hashes": [
                "sha256:1e61c37477a1626458e36f7b1d82aa5c9b094fa4802892072e49de9c60c4c926",
                "sha256:8abb2f1d86890a2dfb989f9a77cfcfd3e47c2a354b01111771326f8aa26e0254"
            ],
            "markers": "python_version >= '2.7' and python_version not in '3.0, 3.1, 3.2'",
            "version": "==1.16.0"
        }
    },
    "develop": {}
}
